
Microsoft Visual Studio Solution File, Format Version 12.00
# Visual Studio Version 17
VisualStudioVersion = 17.4.33103.184
MinimumVisualStudioVersion = 10.0.40219.1
Project("{FAE04EC0-301F-11D3-BF4B-00C04F79EFBC}") = "BloggingApplication", "BloggingApplication\BloggingApplication.csproj", "{22A3391C-C3D0-45C2-8233-31176020823C}"
EndProject
Global
	GlobalSection(SolutionConfigurationPlatforms) = preSolution
		Debug|Any CPU = Debug|Any CPU
		Release|Any CPU = Release|Any CPU
	EndGlobalSection
	GlobalSection(ProjectConfigurationPlatforms) = postSolution
		{22A3391C-C3D0-45C2-8233-31176020823C}.Debug|Any CPU.ActiveCfg = Debug|Any CPU
		{22A3391C-C3D0-45C2-8233-31176020823C}.Debug|Any CPU.Build.0 = Debug|Any CPU
		{22A3391C-C3D0-45C2-8233-31176020823C}.Release|Any CPU.ActiveCfg = Release|Any CPU
		{22A3391C-C3D0-45C2-8233-31176020823C}.Release|Any CPU.Build.0 = Release|Any CPU
	EndGlobalSection
	GlobalSection(SolutionProperties) = preSolution
		HideSolutionNode = FALSE
	EndGlobalSection
	GlobalSection(ExtensibilityGlobals) = postSolution
		SolutionGuid = {D366A232-3093-492F-BCC9-5CDDBA8119D9}
	EndGlobalSection
EndGlobal
